
Microsoft Visual Studio Solution File, Format Version 12.00
Project("{FAE04EC0-301F-11D3-BF4B-00C04F79EFBC}") = "RabbitMQ.Publisher", "RabbitMQ.Publisher\RabbitMQ.Publisher.csproj", "{A3CB83C4-71CD-41A8-8629-3C92F1335DD3}"
EndProject
Project("{FAE04EC0-301F-11D3-BF4B-00C04F79EFBC}") = "RabbitMQ.Subscriber", "RabbitMQ.Subscriber\RabbitMQ.Subscriber.csproj", "{4DEA9A63-F16C-4614-8646-C815241C05DB}"
EndProject
Project("{2150E333-8FDC-42A3-9474-1A3956D46DE8}") = "ExchangeTypes", "ExchangeTypes", "{4162D153-9B1E-4867-B8FE-32327FAA79CC}"
EndProject
Project("{2150E333-8FDC-42A3-9474-1A3956D46DE8}") = "FanoutExchange", "FanoutExchange", "{F82150E1-185A-4F21-A53C-28304E0C17B2}"
EndProject
Project("{2150E333-8FDC-42A3-9474-1A3956D46DE8}") = "DirectExchange", "DirectExchange", "{B336AEF8-87E3-4F35-83AC-3212B0A46A81}"
EndProject
Project("{2150E333-8FDC-42A3-9474-1A3956D46DE8}") = "TopicExchange", "TopicExchange", "{80520736-2196-43F0-8CC5-F9916D2D7EA1}"
EndProject
Project("{2150E333-8FDC-42A3-9474-1A3956D46DE8}") = "HeaderExchange", "HeaderExchange", "{0C641268-143D-46DF-9D0D-578354779269}"
EndProject
Project("{FAE04EC0-301F-11D3-BF4B-00C04F79EFBC}") = "RabbitMq.FanoutPublisher", "RabbitMq.FanoutPublisher\RabbitMq.FanoutPublisher.csproj", "{8C1920DE-8CB9-40FC-A2E9-994BEE2CF22A}"
EndProject
Project("{FAE04EC0-301F-11D3-BF4B-00C04F79EFBC}") = "RabbitMq.FanoutSubscriber", "RabbitMq.FanoutSubscriber\RabbitMq.FanoutSubscriber.csproj", "{31971A6F-1FBB-4374-9827-DC642FD4339E}"
EndProject
Project("{FAE04EC0-301F-11D3-BF4B-00C04F79EFBC}") = "RabbitMq.DirectPublisher", "RabbitMq.DirectPublisher\RabbitMq.DirectPublisher.csproj", "{C5EC3E58-CCF7-4B14-9CE3-B02F5443332D}"
EndProject
Project("{FAE04EC0-301F-11D3-BF4B-00C04F79EFBC}") = "RabbitMq.DirectSubscriber", "RabbitMq.DirectSubscriber\RabbitMq.DirectSubscriber.csproj", "{4E6C6969-67AF-44F4-9203-DBA074E33B55}"
EndProject
Project("{FAE04EC0-301F-11D3-BF4B-00C04F79EFBC}") = "RabbitMq.TopicPublisher", "RabbitMq.TopicPublisher\RabbitMq.TopicPublisher.csproj", "{895B1FB1-CBBC-4A68-94A7-27836686739D}"
EndProject
Project("{FAE04EC0-301F-11D3-BF4B-00C04F79EFBC}") = "RabbitMq.TopicSubscriber", "RabbitMq.TopicSubscriber\RabbitMq.TopicSubscriber.csproj", "{7DEE6D2E-D4B2-410B-89C3-CCEFD6D3547F}"
EndProject
Global
	GlobalSection(SolutionConfigurationPlatforms) = preSolution
		Debug|Any CPU = Debug|Any CPU
		Release|Any CPU = Release|Any CPU
	EndGlobalSection
	GlobalSection(ProjectConfigurationPlatforms) = postSolution
		{A3CB83C4-71CD-41A8-8629-3C92F1335DD3}.Debug|Any CPU.ActiveCfg = Debug|Any CPU
		{A3CB83C4-71CD-41A8-8629-3C92F1335DD3}.Debug|Any CPU.Build.0 = Debug|Any CPU
		{A3CB83C4-71CD-41A8-8629-3C92F1335DD3}.Release|Any CPU.ActiveCfg = Release|Any CPU
		{A3CB83C4-71CD-41A8-8629-3C92F1335DD3}.Release|Any CPU.Build.0 = Release|Any CPU
		{4DEA9A63-F16C-4614-8646-C815241C05DB}.Debug|Any CPU.ActiveCfg = Debug|Any CPU
		{4DEA9A63-F16C-4614-8646-C815241C05DB}.Debug|Any CPU.Build.0 = Debug|Any CPU
		{4DEA9A63-F16C-4614-8646-C815241C05DB}.Release|Any CPU.ActiveCfg = Release|Any CPU
		{4DEA9A63-F16C-4614-8646-C815241C05DB}.Release|Any CPU.Build.0 = Release|Any CPU
		{8C1920DE-8CB9-40FC-A2E9-994BEE2CF22A}.Debug|Any CPU.ActiveCfg = Debug|Any CPU
		{8C1920DE-8CB9-40FC-A2E9-994BEE2CF22A}.Debug|Any CPU.Build.0 = Debug|Any CPU
		{8C1920DE-8CB9-40FC-A2E9-994BEE2CF22A}.Release|Any CPU.ActiveCfg = Release|Any CPU
		{8C1920DE-8CB9-40FC-A2E9-994BEE2CF22A}.Release|Any CPU.Build.0 = Release|Any CPU
		{31971A6F-1FBB-4374-9827-DC642FD4339E}.Debug|Any CPU.ActiveCfg = Debug|Any CPU
		{31971A6F-1FBB-4374-9827-DC642FD4339E}.Debug|Any CPU.Build.0 = Debug|Any CPU
		{31971A6F-1FBB-4374-9827-DC642FD4339E}.Release|Any CPU.ActiveCfg = Release|Any CPU
		{31971A6F-1FBB-4374-9827-DC642FD4339E}.Release|Any CPU.Build.0 = Release|Any CPU
		{C5EC3E58-CCF7-4B14-9CE3-B02F5443332D}.Debug|Any CPU.ActiveCfg = Debug|Any CPU
		{C5EC3E58-CCF7-4B14-9CE3-B02F5443332D}.Debug|Any CPU.Build.0 = Debug|Any CPU
		{C5EC3E58-CCF7-4B14-9CE3-B02F5443332D}.Release|Any CPU.ActiveCfg = Release|Any CPU
		{C5EC3E58-CCF7-4B14-9CE3-B02F5443332D}.Release|Any CPU.Build.0 = Release|Any CPU
		{4E6C6969-67AF-44F4-9203-DBA074E33B55}.Debug|Any CPU.ActiveCfg = Debug|Any CPU
		{4E6C6969-67AF-44F4-9203-DBA074E33B55}.Debug|Any CPU.Build.0 = Debug|Any CPU
		{4E6C6969-67AF-44F4-9203-DBA074E33B55}.Release|Any CPU.ActiveCfg = Release|Any CPU
		{4E6C6969-67AF-44F4-9203-DBA074E33B55}.Release|Any CPU.Build.0 = Release|Any CPU
		{895B1FB1-CBBC-4A68-94A7-27836686739D}.Debug|Any CPU.ActiveCfg = Debug|Any CPU
		{895B1FB1-CBBC-4A68-94A7-27836686739D}.Debug|Any CPU.Build.0 = Debug|Any CPU
		{895B1FB1-CBBC-4A68-94A7-27836686739D}.Release|Any CPU.ActiveCfg = Release|Any CPU
		{895B1FB1-CBBC-4A68-94A7-27836686739D}.Release|Any CPU.Build.0 = Release|Any CPU
		{7DEE6D2E-D4B2-410B-89C3-CCEFD6D3547F}.Debug|Any CPU.ActiveCfg = Debug|Any CPU
		{7DEE6D2E-D4B2-410B-89C3-CCEFD6D3547F}.Debug|Any CPU.Build.0 = Debug|Any CPU
		{7DEE6D2E-D4B2-410B-89C3-CCEFD6D3547F}.Release|Any CPU.ActiveCfg = Release|Any CPU
		{7DEE6D2E-D4B2-410B-89C3-CCEFD6D3547F}.Release|Any CPU.Build.0 = Release|Any CPU
	EndGlobalSection
	GlobalSection(NestedProjects) = preSolution
		{F82150E1-185A-4F21-A53C-28304E0C17B2} = {4162D153-9B1E-4867-B8FE-32327FAA79CC}
		{B336AEF8-87E3-4F35-83AC-3212B0A46A81} = {4162D153-9B1E-4867-B8FE-32327FAA79CC}
		{80520736-2196-43F0-8CC5-F9916D2D7EA1} = {4162D153-9B1E-4867-B8FE-32327FAA79CC}
		{0C641268-143D-46DF-9D0D-578354779269} = {4162D153-9B1E-4867-B8FE-32327FAA79CC}
		{8C1920DE-8CB9-40FC-A2E9-994BEE2CF22A} = {F82150E1-185A-4F21-A53C-28304E0C17B2}
		{31971A6F-1FBB-4374-9827-DC642FD4339E} = {F82150E1-185A-4F21-A53C-28304E0C17B2}
		{C5EC3E58-CCF7-4B14-9CE3-B02F5443332D} = {B336AEF8-87E3-4F35-83AC-3212B0A46A81}
		{4E6C6969-67AF-44F4-9203-DBA074E33B55} = {B336AEF8-87E3-4F35-83AC-3212B0A46A81}
		{895B1FB1-CBBC-4A68-94A7-27836686739D} = {80520736-2196-43F0-8CC5-F9916D2D7EA1}
		{7DEE6D2E-D4B2-410B-89C3-CCEFD6D3547F} = {80520736-2196-43F0-8CC5-F9916D2D7EA1}
	EndGlobalSection
EndGlobal
